// !$*UTF8*$!
{
	archiveVersion = 1;
	classes = {
	};
	objectVersion = 46;
	objects = {

/* Begin PBXBuildFile section */
		B9F783761B4D4E2700A28662 /* AppDelegate.swift in Sources */ = {isa = PBXBuildFile; fileRef = B9F783751B4D4E2700A28662 /* AppDelegate.swift */; };
		B9F783781B4D4E2700A28662 /* ViewController.swift in Sources */ = {isa = PBXBuildFile; fileRef = B9F783771B4D4E2700A28662 /* ViewController.swift */; };
		B9F7837B1B4D4E2700A28662 /* Main.storyboard in Resources */ = {isa = PBXBuildFile; fileRef = B9F783791B4D4E2700A28662 /* Main.storyboard */; };
		B9F7837E1B4D4E2700A28662 /* xiaozhuzhu.xcdatamodeld in Sources */ = {isa = PBXBuildFile; fileRef = B9F7837C1B4D4E2700A28662 /* xiaozhuzhu.xcdatamodeld */; };
		B9F783801B4D4E2700A28662 /* Assets.xcassets in Resources */ = {isa = PBXBuildFile; fileRef = B9F7837F1B4D4E2700A28662 /* Assets.xcassets */; };
		B9F783831B4D4E2700A28662 /* LaunchScreen.storyboard in Resources */ = {isa = PBXBuildFile; fileRef = B9F783811B4D4E2700A28662 /* LaunchScreen.storyboard */; };
		B9F7838E1B4D4E2700A28662 /* xiaozhuzhuTests.swift in Sources */ = {isa = PBXBuildFile; fileRef = B9F7838D1B4D4E2700A28662 /* xiaozhuzhuTests.swift */; };
		B9F783991B4D4E2800A28662 /* xiaozhuzhuUITests.swift in Sources */ = {isa = PBXBuildFile; fileRef = B9F783981B4D4E2800A28662 /* xiaozhuzhuUITests.swift */; };
		B9F783A91B4D57E800A28662 /* again.swift in Sources */ = {isa = PBXBuildFile; fileRef = B9F783A81B4D57E800A28662 /* again.swift */; };
/* End PBXBuildFile section */

/* Begin PBXContainerItemProxy section */
		B9F7838A1B4D4E2700A28662 /* PBXContainerItemProxy */ = {
			isa = PBXContainerItemProxy;
			containerPortal = B9F7836A1B4D4E2700A28662 /* Project object */;
			proxyType = 1;
			remoteGlobalIDString = B9F783711B4D4E2700A28662;
			remoteInfo = xiaozhuzhu;
		};
		B9F783951B4D4E2800A28662 /* PBXContainerItemProxy */ = {
			isa = PBXContainerItemProxy;
			containerPortal = B9F7836A1B4D4E2700A28662 /* Project object */;
			proxyType = 1;
			remoteGlobalIDString = B9F783711B4D4E2700A28662;
			remoteInfo = xiaozhuzhu;
		};
/* End PBXContainerItemProxy section */

/* Begin PBXFileReference section */
		B9F783721B4D4E2700A28662 /* xiaozhuzhu.app */ = {isa = PBXFileReference; explicitFileType = wrapper.application; includeInIndex = 0; path = xiaozhuzhu.app; sourceTree = BUILT_PRODUCTS_DIR; };
		B9F783751B4D4E2700A28662 /* AppDelegate.swift */ = {isa = PBXFileReference; lastKnownFileType = sourcecode.swift; path = AppDelegate.swift; sourceTree = "<group>"; };
		B9F783771B4D4E2700A28662 /* ViewController.swift */ = {isa = PBXFileReference; lastKnownFileType = sourcecode.swift; path = ViewController.swift; sourceTree = "<group>"; };
		B9F7837A1B4D4E2700A28662 /* Base */ = {isa = PBXFileReference; lastKnownFileType = file.storyboard; name = Base; path = Base.lproj/Main.storyboard; sourceTree = "<group>"; };
		B9F7837D1B4D4E2700A28662 /* xiaozhuzhu.xcdatamodel */ = {isa = PBXFileReference; lastKnownFileType = wrapper.xcdatamodel; path = xiaozhuzhu.xcdatamodel; sourceTree = "<group>"; };
		B9F7837F1B4D4E2700A28662 /* Assets.xcassets */ = {isa = PBXFileReference; lastKnownFileType = folder.assetcatalog; path = Assets.xcassets; sourceTree = "<group>"; };
		B9F783821B4D4E2700A28662 /* Base */ = {isa = PBXFileReference; lastKnownFileType = file.storyboard; name = Base; path = Base.lproj/LaunchScreen.storyboard; sourceTree = "<group>"; };
		B9F783841B4D4E2700A28662 /* Info.plist */ = {isa = PBXFileReference; lastKnownFileType = text.plist.xml; path = Info.plist; sourceTree = "<group>"; };
		B9F783891B4D4E2700A28662 /* xiaozhuzhuTests.xctest */ = {isa = PBXFileReference; explicitFileType = wrapper.cfbundle; includeInIndex = 0; path = xiaozhuzhuTests.xctest; sourceTree = BUILT_PRODUCTS_DIR; };
		B9F7838D1B4D4E2700A28662 /* xiaozhuzhuTests.swift */ = {isa = PBXFileReference; lastKnownFileType = sourcecode.swift; path = xiaozhuzhuTests.swift; sourceTree = "<group>"; };
		B9F7838F1B4D4E2800A28662 /* Info.plist */ = {isa = PBXFileReference; lastKnownFileType = text.plist.xml; path = Info.plist; sourceTree = "<group>"; };
		B9F783941B4D4E2800A28662 /* xiaozhuzhuUITests.xctest */ = {isa = PBXFileReference; explicitFileType = wrapper.cfbundle; includeInIndex = 0; path = xiaozhuzhuUITests.xctest; sourceTree = BUILT_PRODUCTS_DIR; };
		B9F783981B4D4E2800A28662 /* xiaozhuzhuUITests.swift */ = {isa = PBXFileReference; lastKnownFileType = sourcecode.swift; path = xiaozhuzhuUITests.swift; sourceTree = "<group>"; };
		B9F7839A1B4D4E2800A28662 /* Info.plist */ = {isa = PBXFileReference; lastKnownFileType = text.plist.xml; path = Info.plist; sourceTree = "<group>"; };
		B9F783A81B4D57E800A28662 /* again.swift */ = {isa = PBXFileReference; fileEncoding = 4; lastKnownFileType = sourcecode.swift; path = again.swift; sourceTree = "<group>"; };
/* End PBXFileReference section */

/* Begin PBXFrameworksBuildPhase section */
		B9F7836F1B4D4E2700A28662 /* Frameworks */ = {
			isa = PBXFrameworksBuildPhase;
			buildActionMask = 2147483647;
			files = (
			);
			runOnlyForDeploymentPostprocessing = 0;
		};
		B9F783861B4D4E2700A28662 /* Frameworks */ = {
			isa = PBXFrameworksBuildPhase;
			buildActionMask = 2147483647;
			files = (
			);
			runOnlyForDeploymentPostprocessing = 0;
		};
		B9F783911B4D4E2800A28662 /* Frameworks */ = {
			isa = PBXFrameworksBuildPhase;
			buildActionMask = 2147483647;
			files = (
			);
			runOnlyForDeploymentPostprocessing = 0;
		};
/* End PBXFrameworksBuildPhase section */

/* Begin PBXGroup section */
		B9F783691B4D4E2700A28662 = {
			isa = PBXGroup;
			children = (
				B9F783741B4D4E2700A28662 /* xiaozhuzhu */,
				B9F7838C1B4D4E2700A28662 /* xiaozhuzhuTests */,
				B9F783971B4D4E2800A28662 /* xiaozhuzhuUITests */,
				B9F783731B4D4E2700A28662 /* Products */,
			);
			sourceTree = "<group>";
		};
		B9F783731B4D4E2700A28662 /* Products */ = {
			isa = PBXGroup;
			children = (
				B9F783721B4D4E2700A28662 /* xiaozhuzhu.app */,
				B9F783891B4D4E2700A28662 /* xiaozhuzhuTests.xctest */,
				B9F783941B4D4E2800A28662 /* xiaozhuzhuUITests.xctest */,
			);
			name = Products;
			sourceTree = "<group>";
		};
		B9F783741B4D4E2700A28662 /* xiaozhuzhu */ = {
			isa = PBXGroup;
			children = (
				B9F783751B4D4E2700A28662 /* AppDelegate.swift */,
				B9F783771B4D4E2700A28662 /* ViewController.swift */,
				B9F783791B4D4E2700A28662 /* Main.storyboard */,
				B9F7837F1B4D4E2700A28662 /* Assets.xcassets */,
				B9F783811B4D4E2700A28662 /* LaunchScreen.storyboard */,
				B9F783841B4D4E2700A28662 /* Info.plist */,
				B9F7837C1B4D4E2700A28662 /* xiaozhuzhu.xcdatamodeld */,
				B9F783A81B4D57E800A28662 /* again.swift */,
			);
			path = xiaozhuzhu;
			sourceTree = "<group>";
		};
		B9F7838C1B4D4E2700A28662 /* xiaozhuzhuTests */ = {
			isa = PBXGroup;
			children = (
				B9F7838D1B4D4E2700A28662 /* xiaozhuzhuTests.swift */,
				B9F7838F1B4D4E2800A28662 /* Info.plist */,
			);
			path = xiaozhuzhuTests;
			sourceTree = "<group>";
		};
		B9F783971B4D4E2800A28662 /* xiaozhuzhuUITests */ = {
			isa = PBXGroup;
			children = (
				B9F783981B4D4E2800A28662 /* xiaozhuzhuUITests.swift */,
				B9F7839A1B4D4E2800A28662 /* Info.plist */,
			);
			path = xiaozhuzhuUITests;
			sourceTree = "<group>";
		};
/* End PBXGroup section */

/* Begin PBXNativeTarget section */
		B9F783711B4D4E2700A28662 /* xiaozhuzhu */ = {
			isa = PBXNativeTarget;
			buildConfigurationList = B9F7839D1B4D4E2800A28662 /* Build configuration list for PBXNativeTarget "xiaozhuzhu" */;
			buildPhases = (
				B9F7836E1B4D4E2700A28662 /* Sources */,
				B9F7836F1B4D4E2700A28662 /* Frameworks */,
				B9F783701B4D4E2700A28662 /* Resources */,
			);
			buildRules = (
			);
			dependencies = (
			);
			name = xiaozhuzhu;
			productName = xiaozhuzhu;
			productReference = B9F783721B4D4E2700A28662 /* xiaozhuzhu.app */;
			productType = "com.apple.product-type.application";
		};
		B9F783881B4D4E2700A28662 /* xiaozhuzhuTests */ = {
			isa = PBXNativeTarget;
			buildConfigurationList = B9F783A01B4D4E2800A28662 /* Build configuration list for PBXNativeTarget "xiaozhuzhuTests" */;
			buildPhases = (
				B9F783851B4D4E2700A28662 /* Sources */,
				B9F783861B4D4E2700A28662 /* Frameworks */,
				B9F783871B4D4E2700A28662 /* Resources */,
			);
			buildRules = (
			);
			dependencies = (
				B9F7838B1B4D4E2700A28662 /* PBXTargetDependency */,
			);
			name = xiaozhuzhuTests;
			productName = xiaozhuzhuTests;
			productReference = B9F783891B4D4E2700A28662 /* xiaozhuzhuTests.xctest */;
			productType = "com.apple.product-type.bundle.unit-test";
		};
		B9F783931B4D4E2800A28662 /* xiaozhuzhuUITests */ = {
			isa = PBXNativeTarget;
			buildConfigurationList = B9F783A31B4D4E2800A28662 /* Build configuration list for PBXNativeTarget "xiaozhuzhuUITests" */;
			buildPhases = (
				B9F783901B4D4E2800A28662 /* Sources */,
				B9F783911B4D4E2800A28662 /* Frameworks */,
				B9F783921B4D4E2800A28662 /* Resources */,
			);
			buildRules = (
			);
			dependencies = (
				B9F783961B4D4E2800A28662 /* PBXTargetDependency */,
			);
			name = xiaozhuzhuUITests;
			productName = xiaozhuzhuUITests;
			productReference = B9F783941B4D4E2800A28662 /* xiaozhuzhuUITests.xctest */;
			productType = "com.apple.product-type.bundle.ui-testing";
		};
/* End PBXNativeTarget section */

/* Begin PBXProject section */
		B9F7836A1B4D4E2700A28662 /* Project object */ = {
			isa = PBXProject;
			attributes = {
				LastUpgradeCheck = 0700;
				ORGANIZATIONNAME = "boqing fu";
				TargetAttributes = {
					B9F783711B4D4E2700A28662 = {
						CreatedOnToolsVersion = 7.0;
						DevelopmentTeam = JPZJFCUV2R;
					};
					B9F783881B4D4E2700A28662 = {
						CreatedOnToolsVersion = 7.0;
						TestTargetID = B9F783711B4D4E2700A28662;
					};
					B9F783931B4D4E2800A28662 = {
						CreatedOnToolsVersion = 7.0;
						TestTargetID = B9F783711B4D4E2700A28662;
					};
				};
			};
			buildConfigurationList = B9F7836D1B4D4E2700A28662 /* Build configuration list for PBXProject "xiaozhuzhu" */;
			compatibilityVersion = "Xcode 3.2";
			developmentRegion = English;
			hasScannedForEncodings = 0;
			knownRegions = (
				en,
				Base,
			);
			mainGroup = B9F783691B4D4E2700A28662;
			productRefGroup = B9F783731B4D4E2700A28662 /* Products */;
			projectDirPath = "";
			projectRoot = "";
			targets = (
				B9F783711B4D4E2700A28662 /* xiaozhuzhu */,
				B9F783881B4D4E2700A28662 /* xiaozhuzhuTests */,
				B9F783931B4D4E2800A28662 /* xiaozhuzhuUITests */,
			);
		};
/* End PBXProject section */

/* Begin PBXResourcesBuildPhase section */
		B9F783701B4D4E2700A28662 /* Resources */ = {
			isa = PBXResourcesBuildPhase;
			buildActionMask = 2147483647;
			files = (
				B9F783831B4D4E2700A28662 /* LaunchScreen.storyboard in Resources */,
				B9F783801B4D4E2700A28662 /* Assets.xcassets in Resources */,
				B9F7837B1B4D4E2700A28662 /* Main.storyboard in Resources */,
			);
			runOnlyForDeploymentPostprocessing = 0;
		};
		B9F783871B4D4E2700A28662 /* Resources */ = {
			isa = PBXResourcesBuildPhase;
			buildActionMask = 2147483647;
			files = (
			);
			runOnlyForDeploymentPostprocessing = 0;
		};
		B9F783921B4D4E2800A28662 /* Resources */ = {
			isa = PBXResourcesBuildPhase;
			buildActionMask = 2147483647;
			files = (
			);
			runOnlyForDeploymentPostprocessing = 0;
		};
/* End PBXResourcesBuildPhase section */

/* Begin PBXSourcesBuildPhase section */
		B9F7836E1B4D4E2700A28662 /* Sources */ = {
			isa = PBXSourcesBuildPhase;
			buildActionMask = 2147483647;
			files = (
				B9F783781B4D4E2700A28662 /* ViewController.swift in Sources */,
				B9F783A91B4D57E800A28662 /* again.swift in Sources */,
				B9F7837E1B4D4E2700A28662 /* xiaozhuzhu.xcdatamodeld in Sources */,
				B9F783761B4D4E2700A28662 /* AppDelegate.swift in Sources */,
			);
			runOnlyForDeploymentPostprocessing = 0;
		};
		B9F783851B4D4E2700A28662 /* Sources */ = {
			isa = PBXSourcesBuildPhase;
			buildActionMask = 2147483647;
			files = (
				B9F7838E1B4D4E2700A28662 /* xiaozhuzhuTests.swift in Sources */,
			);
			runOnlyForDeploymentPostprocessing = 0;
		};
		B9F783901B4D4E2800A28662 /* Sources */ = {
			isa = PBXSourcesBuildPhase;
			buildActionMask = 2147483647;
			files = (
				B9F783991B4D4E2800A28662 /* xiaozhuzhuUITests.swift in Sources */,
			);
			runOnlyForDeploymentPostprocessing = 0;
		};
/* End PBXSourcesBuildPhase section */

/* Begin PBXTargetDependency section */
		B9F7838B1B4D4E2700A28662 /* PBXTargetDependency */ = {
			isa = PBXTargetDependency;
			target = B9F783711B4D4E2700A28662 /* xiaozhuzhu */;
			targetProxy = B9F7838A1B4D4E2700A28662 /* PBXContainerItemProxy */;
		};
		B9F783961B4D4E2800A28662 /* PBXTargetDependency */ = {
			isa = PBXTargetDependency;
			target = B9F783711B4D4E2700A28662 /* xiaozhuzhu */;
			targetProxy = B9F783951B4D4E2800A28662 /* PBXContainerItemProxy */;
		};
/* End PBXTargetDependency section */

/* Begin PBXVariantGroup section */
		B9F783791B4D4E2700A28662 /* Main.storyboard */ = {
			isa = PBXVariantGroup;
			children = (
				B9F7837A1B4D4E2700A28662 /* Base */,
			);
			name = Main.storyboard;
			sourceTree = "<group>";
		};
		B9F783811B4D4E2700A28662 /* LaunchScreen.storyboard */ = {
			isa = PBXVariantGroup;
			children = (
				B9F783821B4D4E2700A28662 /* Base */,
			);
			name = LaunchScreen.storyboard;
			sourceTree = "<group>";
		};
/* End PBXVariantGroup section */

/* Begin XCBuildConfiguration section */
		B9F7839B1B4D4E2800A28662 /* Debug */ = {
			isa = XCBuildConfiguration;
			buildSettings = {
				ALWAYS_SEARCH_USER_PATHS = NO;
				CLANG_CXX_LANGUAGE_STANDARD = "gnu++0x";
				CLANG_CXX_LIBRARY = "libc++";
				CLANG_ENABLE_MODULES = YES;
				CLANG_ENABLE_OBJC_ARC = YES;
				CLANG_WARN_BOOL_CONVERSION = YES;
				CLANG_WARN_CONSTANT_CONVERSION = YES;
				CLANG_WARN_DIRECT_OBJC_ISA_USAGE = YES_ERROR;
				CLANG_WARN_EMPTY_BODY = YES;
				CLANG_WARN_ENUM_CONVERSION = YES;
				CLANG_WARN_INT_CONVERSION = YES;
				CLANG_WARN_OBJC_ROOT_CLASS = YES_ERROR;
				CLANG_WARN_UNREACHABLE_CODE = YES;
				CLANG_WARN__DUPLICATE_METHOD_MATCH = YES;
				"CODE_SIGN_IDENTITY[sdk=iphoneos*]" = "iPhone Developer";
				COPY_PHASE_STRIP = NO;
				DEBUG_INFORMATION_FORMAT = dwarf;
				ENABLE_STRICT_OBJC_MSGSEND = YES;
				ENABLE_TESTABILITY = YES;
				GCC_C_LANGUAGE_STANDARD = gnu99;
				GCC_DYNAMIC_NO_PIC = NO;
				GCC_NO_COMMON_BLOCKS = YES;
				GCC_OPTIMIZATION_LEVEL = 0;
				GCC_PREPROCESSOR_DEFINITIONS = (
					"DEBUG=1",
					"$(inherited)",
				);
				GCC_WARN_64_TO_32_BIT_CONVERSION = YES;
				GCC_WARN_ABOUT_RETURN_TYPE = YES_ERROR;
				GCC_WARN_UNDECLARED_SELECTOR = YES;
				GCC_WARN_UNINITIALIZED_AUTOS = YES_AGGRESSIVE;
				GCC_WARN_UNUSED_FUNCTION = YES;
				GCC_WARN_UNUSED_VARIABLE = YES;
				IPHONEOS_DEPLOYMENT_TARGET = 9.0;
				MTL_ENABLE_DEBUG_INFO = YES;
				ONLY_ACTIVE_ARCH = YES;
				SDKROOT = iphoneos;
				SWIFT_OPTIMIZATION_LEVEL = "-Onone";
			};
			name = Debug;
		};
		B9F7839C1B4D4E2800A28662 /* Release */ = {
			isa = XCBuildConfiguration;
			buildSettings = {
				ALWAYS_SEARCH_USER_PATHS = NO;
				CLANG_CXX_LANGUAGE_STANDARD = "gnu++0x";
				CLANG_CXX_LIBRARY = "libc++";
				CLANG_ENABLE_MODULES = YES;
				CLANG_ENABLE_OBJC_ARC = YES;
				CLANG_WARN_BOOL_CONVERSION = YES;
				CLANG_WARN_CONSTANT_CONVERSION = YES;
				CLANG_WARN_DIRECT_OBJC_ISA_USAGE = YES_ERROR;
				CLANG_WARN_EMPTY_BODY = YES;
				CLANG_WARN_ENUM_CONVERSION = YES;
				CLANG_WARN_INT_CONVERSION = YES;
				CLANG_WARN_OBJC_ROOT_CLASS = YES_ERROR;
				CLANG_WARN_UNREACHABLE_CODE = YES;
				CLANG_WARN__DUPLICATE_METHOD_MATCH = YES;
				"CODE_SIGN_IDENTITY[sdk=iphoneos*]" = "iPhone Developer";
				COPY_PHASE_STRIP = NO;
				DEBUG_INFORMATION_FORMAT = "dwarf-with-dsym";
				ENABLE_NS_ASSERTIONS = NO;
				ENABLE_STRICT_OBJC_MSGSEND = YES;
				GCC_C_LANGUAGE_STANDARD = gnu99;
				GCC_NO_COMMON_BLOCKS = YES;
				GCC_WARN_64_TO_32_BIT_CONVERSION = YES;
				GCC_WARN_ABOUT_RETURN_TYPE = YES_ERROR;
				GCC_WARN_UNDECLARED_SELECTOR = YES;
				GCC_WARN_UNINITIALIZED_AUTOS = YES_AGGRESSIVE;
				GCC_WARN_UNUSED_FUNCTION = YES;
				GCC_WARN_UNUSED_VARIABLE = YES;
				IPHONEOS_DEPLOYMENT_TARGET = 9.0;
				MTL_ENABLE_DEBUG_INFO = NO;
				SDKROOT = iphoneos;
				VALIDATE_PRODUCT = YES;
			};
			name = Release;
		};
		B9F7839E1B4D4E2800A28662 /* Debug */ = {
			isa = XCBuildConfiguration;
			buildSettings = {
				ASSETCATALOG_COMPILER_APPICON_NAME = AppIcon;
				CODE_SIGN_IDENTITY = "iPhone Developer";
				"CODE_SIGN_IDENTITY[sdk=iphoneos*]" = "iPhone Developer";
				INFOPLIST_FILE = xiaozhuzhu/Info.plist;
				LD_RUNPATH_SEARCH_PATHS = "$(inherited) @executable_path/Frameworks";
				PRODUCT_BUNDLE_IDENTIFIER = com.florije.xiaozhuzhu;
				PRODUCT_NAME = "$(TARGET_NAME)";
				PROVISIONING_PROFILE = "";
			};
			name = Debug;
		};
		B9F7839F1B4D4E2800A28662 /* Release */ = {
			isa = XCBuildConfiguration;
			buildSettings = {
				ASSETCATALOG_COMPILER_APPICON_NAME = AppIcon;
				CODE_SIGN_IDENTITY = "iPhone Developer";
				"CODE_SIGN_IDENTITY[sdk=iphoneos*]" = "iPhone Developer";
				INFOPLIST_FILE = xiaozhuzhu/Info.plist;
				LD_RUNPATH_SEARCH_PATHS = "$(inherited) @executable_path/Frameworks";
				PRODUCT_BUNDLE_IDENTIFIER = com.florije.xiaozhuzhu;
				PRODUCT_NAME = "$(TARGET_NAME)";
				PROVISIONING_PROFILE = "";
			};
			name = Release;
		};
		B9F783A11B4D4E2800A28662 /* Debug */ = {
			isa = XCBuildConfiguration;
			buildSettings = {
				BUNDLE_LOADER = "$(TEST_HOST)";
				INFOPLIST_FILE = xiaozhuzhuTests/Info.plist;
				LD_RUNPATH_SEARCH_PATHS = "$(inherited) @executable_path/Frameworks @loader_path/Frameworks";
				PRODUCT_BUNDLE_IDENTIFIER = com.florije.xiaozhuzhuTests;
				PRODUCT_NAME = "$(TARGET_NAME)";
				TEST_HOST = "$(BUILT_PRODUCTS_DIR)/xiaozhuzhu.app/xiaozhuzhu";
			};
			name = Debug;
		};
		B9F783A21B4D4E2800A28662 /* Release */ = {
			isa = XCBuildConfiguration;
			buildSettings = {
				BUNDLE_LOADER = "$(TEST_HOST)";
				INFOPLIST_FILE = xiaozhuzhuTests/Info.plist;
				LD_RUNPATH_SEARCH_PATHS = "$(inherited) @executable_path/Frameworks @loader_path/Frameworks";
				PRODUCT_BUNDLE_IDENTIFIER = com.florije.xiaozhuzhuTests;
				PRODUCT_NAME = "$(TARGET_NAME)";
				TEST_HOST = "$(BUILT_PRODUCTS_DIR)/xiaozhuzhu.app/xiaozhuzhu";
			};
			name = Release;
		};
		B9F783A41B4D4E2800A28662 /* Debug */ = {
			isa = XCBuildConfiguration;
			buildSettings = {
				INFOPLIST_FILE = xiaozhuzhuUITests/Info.plist;
				LD_RUNPATH_SEARCH_PATHS = "$(inherited) @executable_path/Frameworks @loader_path/Frameworks";
				PRODUCT_BUNDLE_IDENTIFIER = com.florije.xiaozhuzhuUITests;
				PRODUCT_NAME = "$(TARGET_NAME)";
				TEST_TARGET_NAME = xiaozhuzhu;
				USES_XCTRUNNER = YES;
			};
			name = Debug;
		};
		B9F783A51B4D4E2800A28662 /* Release */ = {
			isa = XCBuildConfiguration;
			buildSettings = {
				INFOPLIST_FILE = xiaozhuzhuUITests/Info.plist;
				LD_RUNPATH_SEARCH_PATHS = "$(inherited) @executable_path/Frameworks @loader_path/Frameworks";
				PRODUCT_BUNDLE_IDENTIFIER = com.florije.xiaozhuzhuUITests;
				PRODUCT_NAME = "$(TARGET_NAME)";
				TEST_TARGET_NAME = xiaozhuzhu;
				USES_XCTRUNNER = YES;
			};
			name = Release;
		};
/* End XCBuildConfiguration section */

/* Begin XCConfigurationList section */
		B9F7836D1B4D4E2700A28662 /* Build configuration list for PBXProject "xiaozhuzhu" */ = {
			isa = XCConfigurationList;
			buildConfigurations = (
				B9F7839B1B4D4E2800A28662 /* Debug */,
				B9F7839C1B4D4E2800A28662 /* Release */,
			);
			defaultConfigurationIsVisible = 0;
			defaultConfigurationName = Release;
		};
		B9F7839D1B4D4E2800A28662 /* Build configuration list for PBXNativeTarget "xiaozhuzhu" */ = {
			isa = XCConfigurationList;
			buildConfigurations = (
				B9F7839E1B4D4E2800A28662 /* Debug */,
				B9F7839F1B4D4E2800A28662 /* Release */,
			);
			defaultConfigurationIsVisible = 0;
			defaultConfigurationName = Release;
		};
		B9F783A01B4D4E2800A28662 /* Build configuration list for PBXNativeTarget "xiaozhuzhuTests" */ = {
			isa = XCConfigurationList;
			buildConfigurations = (
				B9F783A11B4D4E2800A28662 /* Debug */,
				B9F783A21B4D4E2800A28662 /* Release */,
			);
			defaultConfigurationIsVisible = 0;
			defaultConfigurationName = Release;
		};
		B9F783A31B4D4E2800A28662 /* Build configuration list for PBXNativeTarget "xiaozhuzhuUITests" */ = {
			isa = XCConfigurationList;
			buildConfigurations = (
				B9F783A41B4D4E2800A28662 /* Debug */,
				B9F783A51B4D4E2800A28662 /* Release */,
			);
			defaultConfigurationIsVisible = 0;
			defaultConfigurationName = Release;
		};
/* End XCConfigurationList section */

/* Begin XCVersionGroup section */
		B9F7837C1B4D4E2700A28662 /* xiaozhuzhu.xcdatamodeld */ = {
			isa = XCVersionGroup;
			children = (
				B9F7837D1B4D4E2700A28662 /* xiaozhuzhu.xcdatamodel */,
			);
			currentVersion = B9F7837D1B4D4E2700A28662 /* xiaozhuzhu.xcdatamodel */;
			path = xiaozhuzhu.xcdatamodeld;
			sourceTree = "<group>";
			versionGroupType = wrapper.xcdatamodel;
		};
/* End XCVersionGroup section */
	};
	rootObject = B9F7836A1B4D4E2700A28662 /* Project object */;
}
